
Microsoft Visual Studio Solution File, Format Version 12.00
# Visual Studio Version 16
VisualStudioVersion = 16.0.30517.126
MinimumVisualStudioVersion = 10.0.40219.1
Project("{FAE04EC0-301F-11D3-BF4B-00C04F79EFBC}") = "PhoneStore", "PhoneStore\PhoneStore.csproj", "{B06EB026-F7F7-4452-9357-930638C22C95}"
EndProject
Global
	GlobalSection(SolutionConfigurationPlatforms) = preSolution
		Debug|Any CPU = Debug|Any CPU
		Release|Any CPU = Release|Any CPU
	EndGlobalSection
	GlobalSection(ProjectConfigurationPlatforms) = postSolution
		{B06EB026-F7F7-4452-9357-930638C22C95}.Debug|Any CPU.ActiveCfg = Debug|Any CPU
		{B06EB026-F7F7-4452-9357-930638C22C95}.Debug|Any CPU.Build.0 = Debug|Any CPU
		{B06EB026-F7F7-4452-9357-930638C22C95}.Release|Any CPU.ActiveCfg = Release|Any CPU
		{B06EB026-F7F7-4452-9357-930638C22C95}.Release|Any CPU.Build.0 = Release|Any CPU
	EndGlobalSection
	GlobalSection(SolutionProperties) = preSolution
		HideSolutionNode = FALSE
	EndGlobalSection
	GlobalSection(ExtensibilityGlobals) = postSolution
		SolutionGuid = {D0CA6423-CD00-4432-B524-AEC2E722BC37}
	EndGlobalSection
EndGlobal
